
Microsoft Visual Studio Solution File, Format Version 12.00
# Visual Studio 14
VisualStudioVersion = 14.0.23107.0
MinimumVisualStudioVersion = 10.0.40219.1
Project("{8BC9CEB8-8B4A-11D0-8D11-00A0C91BC942}") = "ShellcodeVM", "ShellcodeVM\ShellcodeVM.vcxproj", "{C27C6721-3007-443E-B095-51024C1B8236}"
EndProject
Project("{8BC9CEB8-8B4A-11D0-8D11-00A0C91BC942}") = "GuestOS", "GuestOS\GuestOS.vcxproj", "{70B6C809-92DB-4C09-8E45-C6ED3256412B}"
EndProject
Project("{8BC9CEB8-8B4A-11D0-8D11-00A0C91BC942}") = "Boot", "Boot\Boot.vcxproj", "{77EB0E19-AA23-415C-B34B-8BDCD4CD495D}"
EndProject
Global
	GlobalSection(SolutionConfigurationPlatforms) = preSolution
		Debug|x64 = Debug|x64
		Debug|x86 = Debug|x86
		Release|x64 = Release|x64
		Release|x86 = Release|x86
	EndGlobalSection
	GlobalSection(ProjectConfigurationPlatforms) = postSolution
		{C27C6721-3007-443E-B095-51024C1B8236}.Debug|x64.ActiveCfg = Debug|x64
		{C27C6721-3007-443E-B095-51024C1B8236}.Debug|x64.Build.0 = Debug|x64
		{C27C6721-3007-443E-B095-51024C1B8236}.Debug|x86.ActiveCfg = Debug|Win32
		{C27C6721-3007-443E-B095-51024C1B8236}.Debug|x86.Build.0 = Debug|Win32
		{C27C6721-3007-443E-B095-51024C1B8236}.Release|x64.ActiveCfg = Release|x64
		{C27C6721-3007-443E-B095-51024C1B8236}.Release|x64.Build.0 = Release|x64
		{C27C6721-3007-443E-B095-51024C1B8236}.Release|x86.ActiveCfg = Release|Win32
		{C27C6721-3007-443E-B095-51024C1B8236}.Release|x86.Build.0 = Release|Win32
		{70B6C809-92DB-4C09-8E45-C6ED3256412B}.Debug|x64.ActiveCfg = Debug|x64
		{70B6C809-92DB-4C09-8E45-C6ED3256412B}.Debug|x64.Build.0 = Debug|x64
		{70B6C809-92DB-4C09-8E45-C6ED3256412B}.Debug|x86.ActiveCfg = Debug|Win32
		{70B6C809-92DB-4C09-8E45-C6ED3256412B}.Debug|x86.Build.0 = Debug|Win32
		{70B6C809-92DB-4C09-8E45-C6ED3256412B}.Release|x64.ActiveCfg = Release|x64
		{70B6C809-92DB-4C09-8E45-C6ED3256412B}.Release|x64.Build.0 = Release|x64
		{70B6C809-92DB-4C09-8E45-C6ED3256412B}.Release|x86.ActiveCfg = Release|Win32
		{70B6C809-92DB-4C09-8E45-C6ED3256412B}.Release|x86.Build.0 = Release|Win32
		{77EB0E19-AA23-415C-B34B-8BDCD4CD495D}.Debug|x64.ActiveCfg = Debug|x64
		{77EB0E19-AA23-415C-B34B-8BDCD4CD495D}.Debug|x64.Build.0 = Debug|x64
		{77EB0E19-AA23-415C-B34B-8BDCD4CD495D}.Debug|x86.ActiveCfg = Debug|Win32
		{77EB0E19-AA23-415C-B34B-8BDCD4CD495D}.Debug|x86.Build.0 = Debug|Win32
		{77EB0E19-AA23-415C-B34B-8BDCD4CD495D}.Release|x64.ActiveCfg = Release|x64
		{77EB0E19-AA23-415C-B34B-8BDCD4CD495D}.Release|x64.Build.0 = Release|x64
		{77EB0E19-AA23-415C-B34B-8BDCD4CD495D}.Release|x86.ActiveCfg = Release|Win32
		{77EB0E19-AA23-415C-B34B-8BDCD4CD495D}.Release|x86.Build.0 = Release|Win32
	EndGlobalSection
	GlobalSection(SolutionProperties) = preSolution
		HideSolutionNode = FALSE
	EndGlobalSection
EndGlobal
